Microsoft Visual Studio Solution File, Format Version 12.00
# Visual Studio Version 17
VisualStudioVersion = 17.5.2.0
MinimumVisualStudioVersion = 10.0.40219.1
Project("{FAE04EC0-301F-11D3-BF4B-00C04F79EFBC}") = "Prowl.Surface", "Surface\Prowl.Surface.csproj", "{03A8FD9D-0368-0505-A546-B0C246B4AB59}"
EndProject
Project("{FAE04EC0-301F-11D3-BF4B-00C04F79EFBC}") = "Surface.Tests", "Tests\Surface.Tests.csproj", "{B8CE760A-853A-7F97-B3AE-77254AFA8683}"
EndProject
Project("{2150E333-8FDC-42A3-9474-1A3956D46DE8}") = "Samples", "Samples", "{5D20AA90-6969-D8BD-9DCD-8634F4692FDA}"
EndProject
Project("{FAE04EC0-301F-11D3-BF4B-00C04F79EFBC}") = "HelloDirect3D", "Samples\HelloDirect3D\HelloDirect3D.csproj", "{F89A251B-CEC6-C9FF-BB23-83469DB1DC6E}"
EndProject
Project("{FAE04EC0-301F-11D3-BF4B-00C04F79EFBC}") = "MultiWindow", "Samples\MultiWindow\MultiWindow.csproj", "{B1582942-7B36-E0E1-C43B-B28C2A554B38}"
EndProject
Project("{FAE04EC0-301F-11D3-BF4B-00C04F79EFBC}") = "HelloWorld", "Samples\HelloWorld\HelloWorld.csproj", "{106D53F4-2755-EFF4-D265-8CE91CD17358}"
EndProject
Global
	GlobalSection(SolutionConfigurationPlatforms) = preSolution
		Debug|Any CPU = Debug|Any CPU
		Release|Any CPU = Release|Any CPU
	EndGlobalSection
	GlobalSection(ProjectConfigurationPlatforms) = postSolution
		{03A8FD9D-0368-0505-A546-B0C246B4AB59}.Debug|Any CPU.ActiveCfg = Debug|Any CPU
		{03A8FD9D-0368-0505-A546-B0C246B4AB59}.Debug|Any CPU.Build.0 = Debug|Any CPU
		{03A8FD9D-0368-0505-A546-B0C246B4AB59}.Release|Any CPU.ActiveCfg = Release|Any CPU
		{03A8FD9D-0368-0505-A546-B0C246B4AB59}.Release|Any CPU.Build.0 = Release|Any CPU
		{B8CE760A-853A-7F97-B3AE-77254AFA8683}.Debug|Any CPU.ActiveCfg = Debug|Any CPU
		{B8CE760A-853A-7F97-B3AE-77254AFA8683}.Debug|Any CPU.Build.0 = Debug|Any CPU
		{B8CE760A-853A-7F97-B3AE-77254AFA8683}.Release|Any CPU.ActiveCfg = Release|Any CPU
		{B8CE760A-853A-7F97-B3AE-77254AFA8683}.Release|Any CPU.Build.0 = Release|Any CPU
		{F89A251B-CEC6-C9FF-BB23-83469DB1DC6E}.Debug|Any CPU.ActiveCfg = Debug|Any CPU
		{F89A251B-CEC6-C9FF-BB23-83469DB1DC6E}.Debug|Any CPU.Build.0 = Debug|Any CPU
		{F89A251B-CEC6-C9FF-BB23-83469DB1DC6E}.Release|Any CPU.ActiveCfg = Release|Any CPU
		{F89A251B-CEC6-C9FF-BB23-83469DB1DC6E}.Release|Any CPU.Build.0 = Release|Any CPU
		{B1582942-7B36-E0E1-C43B-B28C2A554B38}.Debug|Any CPU.ActiveCfg = Debug|Any CPU
		{B1582942-7B36-E0E1-C43B-B28C2A554B38}.Debug|Any CPU.Build.0 = Debug|Any CPU
		{B1582942-7B36-E0E1-C43B-B28C2A554B38}.Release|Any CPU.ActiveCfg = Release|Any CPU
		{B1582942-7B36-E0E1-C43B-B28C2A554B38}.Release|Any CPU.Build.0 = Release|Any CPU
		{106D53F4-2755-EFF4-D265-8CE91CD17358}.Debug|Any CPU.ActiveCfg = Debug|Any CPU
		{106D53F4-2755-EFF4-D265-8CE91CD17358}.Debug|Any CPU.Build.0 = Debug|Any CPU
		{106D53F4-2755-EFF4-D265-8CE91CD17358}.Release|Any CPU.ActiveCfg = Release|Any CPU
		{106D53F4-2755-EFF4-D265-8CE91CD17358}.Release|Any CPU.Build.0 = Release|Any CPU
	EndGlobalSection
	GlobalSection(SolutionProperties) = preSolution
		HideSolutionNode = FALSE
	EndGlobalSection
	GlobalSection(NestedProjects) = preSolution
		{F89A251B-CEC6-C9FF-BB23-83469DB1DC6E} = {5D20AA90-6969-D8BD-9DCD-8634F4692FDA}
		{B1582942-7B36-E0E1-C43B-B28C2A554B38} = {5D20AA90-6969-D8BD-9DCD-8634F4692FDA}
		{106D53F4-2755-EFF4-D265-8CE91CD17358} = {5D20AA90-6969-D8BD-9DCD-8634F4692FDA}
	EndGlobalSection
	GlobalSection(ExtensibilityGlobals) = postSolution
		SolutionGuid = {C1AF6173-F7A1-4D50-9028-6CED89827571}
	EndGlobalSection
EndGlobal
